
Microsoft Visual Studio Solution File, Format Version 12.00
# Visual Studio Version 17
VisualStudioVersion = 17.5.33530.505
MinimumVisualStudioVersion = 10.0.40219.1
Project("{FAE04EC0-301F-11D3-BF4B-00C04F79EFBC}") = "PersonalBotAssistant", "src\PersonalBotAssistant\PersonalBotAssistant.csproj", "{CE72E123-B876-4683-8CB1-632400DB7B84}"
EndProject
Project("{FAE04EC0-301F-11D3-BF4B-00C04F79EFBC}") = "PersonalBotAssistant.Logic", "src\PersonalBotAssistant.Logic\PersonalBotAssistant.Logic.csproj", "{9E299BFA-D049-4012-8F9C-570358E7B228}"
EndProject
Global
	GlobalSection(SolutionConfigurationPlatforms) = preSolution
		Debug|Any CPU = Debug|Any CPU
		Release|Any CPU = Release|Any CPU
	EndGlobalSection
	GlobalSection(ProjectConfigurationPlatforms) = postSolution
		{CE72E123-B876-4683-8CB1-632400DB7B84}.Debug|Any CPU.ActiveCfg = Debug|Any CPU
		{CE72E123-B876-4683-8CB1-632400DB7B84}.Debug|Any CPU.Build.0 = Debug|Any CPU
		{CE72E123-B876-4683-8CB1-632400DB7B84}.Release|Any CPU.ActiveCfg = Release|Any CPU
		{CE72E123-B876-4683-8CB1-632400DB7B84}.Release|Any CPU.Build.0 = Release|Any CPU
		{9E299BFA-D049-4012-8F9C-570358E7B228}.Debug|Any CPU.ActiveCfg = Debug|Any CPU
		{9E299BFA-D049-4012-8F9C-570358E7B228}.Debug|Any CPU.Build.0 = Debug|Any CPU
		{9E299BFA-D049-4012-8F9C-570358E7B228}.Release|Any CPU.ActiveCfg = Release|Any CPU
		{9E299BFA-D049-4012-8F9C-570358E7B228}.Release|Any CPU.Build.0 = Release|Any CPU
	EndGlobalSection
	GlobalSection(SolutionProperties) = preSolution
		HideSolutionNode = FALSE
	EndGlobalSection
	GlobalSection(ExtensibilityGlobals) = postSolution
		SolutionGuid = {0719CA0D-8F5B-4037-8EF6-DB5936BD9DEC}
	EndGlobalSection
EndGlobal
